Microsoft Visual Studio Solution File, Format Version 12.00
# Visual Studio Version 17
VisualStudioVersion = 17.4.33110.190
MinimumVisualStudioVersion = 10.0.40219.1
Project("{9A19103F-16F7-4668-BE54-9A1E7A4F7556}") = "SpcService", "Source\src\spc\SpcService\SpcService.csproj", "{4434B96C-0399-4E37-A8C9-BDAAFED1E4E6}"
EndProject
Project("{2150E333-8FDC-42A3-9474-1A3956D46DE8}") = "Spc", "Spc", "{1C6E8291-09A8-43DC-864D-28F4BBED78F5}"
EndProject
Global
	GlobalSection(SolutionConfigurationPlatforms) = preSolution
		Debug|Any CPU = Debug|Any CPU
		Release|Any CPU = Release|Any CPU
		ReleaseWithDocumentation|Any CPU = ReleaseWithDocumentation|Any CPU
	EndGlobalSection
	GlobalSection(ProjectConfigurationPlatforms) = postSolution
		{4434B96C-0399-4E37-A8C9-BDAAFED1E4E6}.Debug|Any CPU.ActiveCfg = Debug|Any CPU
		{4434B96C-0399-4E37-A8C9-BDAAFED1E4E6}.Debug|Any CPU.Build.0 = Debug|Any CPU
		{4434B96C-0399-4E37-A8C9-BDAAFED1E4E6}.Release|Any CPU.ActiveCfg = Release|Any CPU
		{4434B96C-0399-4E37-A8C9-BDAAFED1E4E6}.Release|Any CPU.Build.0 = Release|Any CPU
		{4434B96C-0399-4E37-A8C9-BDAAFED1E4E6}.ReleaseWithDocumentation|Any CPU.ActiveCfg = Release|Any CPU
		{4434B96C-0399-4E37-A8C9-BDAAFED1E4E6}.ReleaseWithDocumentation|Any CPU.Build.0 = Release|Any CPU
	EndGlobalSection
	GlobalSection(SolutionProperties) = preSolution
		HideSolutionNode = FALSE
	EndGlobalSection
	GlobalSection(NestedProjects) = preSolution
		{4434B96C-0399-4E37-A8C9-BDAAFED1E4E6} = {1C6E8291-09A8-43DC-864D-28F4BBED78F5}
	EndGlobalSection
	GlobalSection(ExtensibilityGlobals) = postSolution
		SolutionGuid = {57B8CD45-E769-408C-B00E-A465207B4FD9}
	EndGlobalSection
EndGlobal
